
Microsoft Visual Studio Solution File, Format Version 12.00
# Visual Studio 14
VisualStudioVersion = 14.0.25420.1
MinimumVisualStudioVersion = 10.0.40219.1
Project("{FAE04EC0-301F-11D3-BF4B-00C04F79EFBC}") = "Cogworks.ExamineInspector", "Cogworks.ExamineInspector\Cogworks.ExamineInspector.csproj", "{75F742B2-6AC9-4997-B331-96F5384D6564}"
EndProject
Project("{2150E333-8FDC-42A3-9474-1A3956D46DE8}") = "Tests", "Tests", "{6E912E91-2E4A-46DA-8063-21862D83A91B}"
EndProject
Project("{2150E333-8FDC-42A3-9474-1A3956D46DE8}") = "Docs", "Docs", "{EFBC218F-B49F-47A8-80BB-E5319186C79A}"
	ProjectSection(SolutionItems) = preProject
		..\docs\Changelog.md = ..\docs\Changelog.md
		..\README.md = ..\README.md
	EndProjectSection
EndProject
Project("{FAE04EC0-301F-11D3-BF4B-00C04F79EFBC}") = "Cogworks.ExamineInspector.Test", "..\tests\NUnit\Cogworks.ExamineInspector.Test\Cogworks.ExamineInspector.Test.csproj", "{9F3FBBA5-A3DC-4409-B28A-AE9EEEDB920D}"
EndProject
Global
	GlobalSection(SolutionConfigurationPlatforms) = preSolution
		Debug|Any CPU = Debug|Any CPU
		Release|Any CPU = Release|Any CPU
	EndGlobalSection
	GlobalSection(ProjectConfigurationPlatforms) = postSolution
		{75F742B2-6AC9-4997-B331-96F5384D6564}.Debug|Any CPU.ActiveCfg = Debug|Any CPU
		{75F742B2-6AC9-4997-B331-96F5384D6564}.Debug|Any CPU.Build.0 = Debug|Any CPU
		{75F742B2-6AC9-4997-B331-96F5384D6564}.Release|Any CPU.ActiveCfg = Release|Any CPU
		{75F742B2-6AC9-4997-B331-96F5384D6564}.Release|Any CPU.Build.0 = Release|Any CPU
		{9F3FBBA5-A3DC-4409-B28A-AE9EEEDB920D}.Debug|Any CPU.ActiveCfg = Debug|Any CPU
		{9F3FBBA5-A3DC-4409-B28A-AE9EEEDB920D}.Debug|Any CPU.Build.0 = Debug|Any CPU
		{9F3FBBA5-A3DC-4409-B28A-AE9EEEDB920D}.Release|Any CPU.ActiveCfg = Release|Any CPU
		{9F3FBBA5-A3DC-4409-B28A-AE9EEEDB920D}.Release|Any CPU.Build.0 = Release|Any CPU
	EndGlobalSection
	GlobalSection(SolutionProperties) = preSolution
		HideSolutionNode = FALSE
	EndGlobalSection
	GlobalSection(NestedProjects) = preSolution
		{9F3FBBA5-A3DC-4409-B28A-AE9EEEDB920D} = {6E912E91-2E4A-46DA-8063-21862D83A91B}
	EndGlobalSection
EndGlobal
